
Microsoft Visual Studio Solution File, Format Version 12.00
# Visual Studio 15
VisualStudioVersion = 15.0.26124.0
MinimumVisualStudioVersion = 15.0.26124.0
Project("{FAE04EC0-301F-11D3-BF4B-00C04F79EFBC}") = "TestRunner", "TestRunner\TestRunner.csproj", "{67A17EC7-B042-4F03-A7DE-785D374AB6AA}"
EndProject
Project("{FAE04EC0-301F-11D3-BF4B-00C04F79EFBC}") = "Resources", "Resources\Resources.csproj", "{80AD3E4D-110F-4C13-9F22-3EDF5FFADDAF}"
EndProject
Global
	GlobalSection(SolutionConfigurationPlatforms) = preSolution
		Debug|Any CPU = Debug|Any CPU
		Debug|x64 = Debug|x64
		Debug|x86 = Debug|x86
		Release|Any CPU = Release|Any CPU
		Release|x64 = Release|x64
		Release|x86 = Release|x86
	EndGlobalSection
	GlobalSection(SolutionProperties) = preSolution
		HideSolutionNode = FALSE
	EndGlobalSection
	GlobalSection(ProjectConfigurationPlatforms) = postSolution
		{67A17EC7-B042-4F03-A7DE-785D374AB6AA}.Debug|Any CPU.ActiveCfg = Debug|Any CPU
		{67A17EC7-B042-4F03-A7DE-785D374AB6AA}.Debug|Any CPU.Build.0 = Debug|Any CPU
		{67A17EC7-B042-4F03-A7DE-785D374AB6AA}.Debug|x64.ActiveCfg = Debug|Any CPU
		{67A17EC7-B042-4F03-A7DE-785D374AB6AA}.Debug|x64.Build.0 = Debug|Any CPU
		{67A17EC7-B042-4F03-A7DE-785D374AB6AA}.Debug|x86.ActiveCfg = Debug|Any CPU
		{67A17EC7-B042-4F03-A7DE-785D374AB6AA}.Debug|x86.Build.0 = Debug|Any CPU
		{67A17EC7-B042-4F03-A7DE-785D374AB6AA}.Release|Any CPU.ActiveCfg = Release|Any CPU
		{67A17EC7-B042-4F03-A7DE-785D374AB6AA}.Release|Any CPU.Build.0 = Release|Any CPU
		{67A17EC7-B042-4F03-A7DE-785D374AB6AA}.Release|x64.ActiveCfg = Release|Any CPU
		{67A17EC7-B042-4F03-A7DE-785D374AB6AA}.Release|x64.Build.0 = Release|Any CPU
		{67A17EC7-B042-4F03-A7DE-785D374AB6AA}.Release|x86.ActiveCfg = Release|Any CPU
		{67A17EC7-B042-4F03-A7DE-785D374AB6AA}.Release|x86.Build.0 = Release|Any CPU
		{53E320EE-E8B1-47FD-A551-3BAC07628CDA}.Debug|Any CPU.ActiveCfg = Debug|Any CPU
		{53E320EE-E8B1-47FD-A551-3BAC07628CDA}.Debug|Any CPU.Build.0 = Debug|Any CPU
		{53E320EE-E8B1-47FD-A551-3BAC07628CDA}.Debug|x64.ActiveCfg = Debug|Any CPU
		{53E320EE-E8B1-47FD-A551-3BAC07628CDA}.Debug|x64.Build.0 = Debug|Any CPU
		{53E320EE-E8B1-47FD-A551-3BAC07628CDA}.Debug|x86.ActiveCfg = Debug|Any CPU
		{53E320EE-E8B1-47FD-A551-3BAC07628CDA}.Debug|x86.Build.0 = Debug|Any CPU
		{53E320EE-E8B1-47FD-A551-3BAC07628CDA}.Release|Any CPU.ActiveCfg = Release|Any CPU
		{53E320EE-E8B1-47FD-A551-3BAC07628CDA}.Release|Any CPU.Build.0 = Release|Any CPU
		{53E320EE-E8B1-47FD-A551-3BAC07628CDA}.Release|x64.ActiveCfg = Release|Any CPU
		{53E320EE-E8B1-47FD-A551-3BAC07628CDA}.Release|x64.Build.0 = Release|Any CPU
		{53E320EE-E8B1-47FD-A551-3BAC07628CDA}.Release|x86.ActiveCfg = Release|Any CPU
		{53E320EE-E8B1-47FD-A551-3BAC07628CDA}.Release|x86.Build.0 = Release|Any CPU
		{80AD3E4D-110F-4C13-9F22-3EDF5FFADDAF}.Debug|Any CPU.ActiveCfg = Debug|Any CPU
		{80AD3E4D-110F-4C13-9F22-3EDF5FFADDAF}.Debug|Any CPU.Build.0 = Debug|Any CPU
		{80AD3E4D-110F-4C13-9F22-3EDF5FFADDAF}.Debug|x64.ActiveCfg = Debug|Any CPU
		{80AD3E4D-110F-4C13-9F22-3EDF5FFADDAF}.Debug|x64.Build.0 = Debug|Any CPU
		{80AD3E4D-110F-4C13-9F22-3EDF5FFADDAF}.Debug|x86.ActiveCfg = Debug|Any CPU
		{80AD3E4D-110F-4C13-9F22-3EDF5FFADDAF}.Debug|x86.Build.0 = Debug|Any CPU
		{80AD3E4D-110F-4C13-9F22-3EDF5FFADDAF}.Release|Any CPU.ActiveCfg = Release|Any CPU
		{80AD3E4D-110F-4C13-9F22-3EDF5FFADDAF}.Release|Any CPU.Build.0 = Release|Any CPU
		{80AD3E4D-110F-4C13-9F22-3EDF5FFADDAF}.Release|x64.ActiveCfg = Release|Any CPU
		{80AD3E4D-110F-4C13-9F22-3EDF5FFADDAF}.Release|x64.Build.0 = Release|Any CPU
		{80AD3E4D-110F-4C13-9F22-3EDF5FFADDAF}.Release|x86.ActiveCfg = Release|Any CPU
		{80AD3E4D-110F-4C13-9F22-3EDF5FFADDAF}.Release|x86.Build.0 = Release|Any CPU
	EndGlobalSection
EndGlobal
